{
  "name": "Submersive-Isle-Overlay",
  "lockfileVersion": 3,
  "requires": true,
  "packages": {
    "": {
      "name": "Submersive-Isle-Overlay",
      "version": "1.0.0",
      "dependencies": {
        "electron-updater": "^6.6.2"
      },
      "devDependencies": {
        "electron": "^44.3.0",
        "electron-builder": "^26.0.12"
      }
    }
  },
  "version": "1.0.0"
}
